DEPENDENCIES
  goapp
    git: git://github.com/Grantoo/chef-goapp
    revision: fb1dc4aacdaa8be5bfbd0ea2601a231819b8fcff
  golang
    git: git://github.com/Grantoo/chef-golang
    revision: f0e4094c793fe312dbaebc0106b5e1bfe4b11d88
  logstash
    git: git://github.com/lusis/chef-logstash
    revision: 003fcca1d0737c57bf980d2158f1f59df6fb1cbf
  monit
    git: git://github.com/Grantoo/chef-monit
    revision: ca251cf57eb09973f272be538b3c85110fdadac9

GRAPH
  7-zip (1.0.2)
    windows (>= 1.2.2)
  ant (1.0.2)
    ark (>= 0.0.0)
    java (>= 0.0.0)
  apt (2.6.1)
  ark (0.9.0)
    7-zip (>= 0.0.0)
    windows (>= 0.0.0)
  beaver (1.4.0)
    apt (>= 0.0.0)
    python (>= 0.0.0)
  build-essential (2.1.3)
  chef-sugar (2.5.0)
  chef_handler (1.1.6)
  curl (2.0.1)
  dmg (2.2.2)
  elasticsearch (0.3.13)
    ark (>= 0.2.4)
    build-essential (>= 0.0.0)
    java (>= 0.0.0)
    monit (>= 0.0.0)
    xml (>= 0.0.0)
  git (4.1.0)
    build-essential (>= 0.0.0)
    dmg (>= 0.0.0)
    runit (>= 1.0)
    windows (>= 0.0.0)
    yum (~> 3.0)
    yum-epel (>= 0.0.0)
  goapp (0.0.1)
    golang (>= 0.0.0)
    monit (>= 0.0.0)
  golang (1.0.1)
  java (1.29.0)
  logrotate (1.8.0)
  logstash (0.11.3)
    ant (>= 0.0.0)
    apt (>= 0.0.0)
    ark (>= 0.0.0)
    beaver (>= 0.0.0)
    build-essential (>= 0.0.0)
    curl (>= 0.0.0)
    elasticsearch (>= 0.0.0)
    git (>= 0.0.0)
    java (>= 0.0.0)
    logrotate (>= 0.0.0)
    python (>= 0.0.0)
    runit (>= 0.0.0)
  monit (0.1.0)
  python (1.4.6)
    build-essential (>= 0.0.0)
    yum-epel (>= 0.0.0)
  runit (1.5.14)
    build-essential (>= 0.0.0)
    yum (~> 3.0)
    yum-epel (>= 0.0.0)
  windows (1.36.1)
    chef_handler (>= 0.0.0)
  xml (1.2.9)
    build-essential (>= 0.0.0)
    chef-sugar (>= 0.0.0)
  yum (3.5.2)
  yum-epel (0.6.0)
    yum (~> 3.0)
